{
  "name": "mnote_temp",
  "version": "0.0.0",
  "lockfileVersion": 3,
  "requires": true,
  "packages": {
    "": {
      "name": "mnote_temp",
      "version": "0.0.0",
      "dependencies": {
        "marked": "^18.0.0",
        "vue": "^3.5.32",
        "vue-router": "^4.6.4"
      },
      "devDependencies": {
        "@vitejs/plugin-vue": "^6.0.5",
        "vite": "^8.0.4"
      }
    },
    "node_modules/@babel/helper-string-parser": {
      "version": "7.27.1",
      "resolved": "http://r.npm.sankuai.com/@babel/helper-string-parser/download/@babel/helper-string-parser-7.27.1.tgz",
      "integrity": "sha1-VNp5YJerGc5n7Z+ItHuy7Ek2doc=",
      "license": "MIT",
      "engines": {
        "node": ">=6.9.0"
      }
    },
    "node_modules/@babel/helper-validator-identifier": {
      "version": "7.28.5",
      "resolved": "http://r.npm.sankuai.com/@babel/helper-validator-identifier/download/@babel/helper-validator-identifier-7.28.5.tgz",
      "integrity": "sha1-AQtpOPq3y333SqK7wGqlA7j+X7Q=",
      "license": "MIT",
      "engines": {
        "node": ">=6.9.0"
      }
    },
    "node_modules/@babel/parser": {
      "version": "7.29.2",
      "resolved": "http://r.npm.sankuai.com/@babel/parser/download/@babel/parser-7.29.2.tgz",
      "integrity": "sha1-WL1QuaeVHRNJiKGuF3o175pwO6E=",
      "license": "MIT",
      "dependencies": {
        "@babel/types": "^7.29.0"
      },
      "bin": {
        "parser": "bin/babel-parser.js"
      },
      "engines": {
        "node": ">=6.0.0"
      }
    },
    "node_modules/@babel/types": {
      "version": "7.29.0",
      "resolved": "http://r.npm.sankuai.com/@babel/types/download/@babel/types-7.29.0.tgz",
      "integrity": "sha1-n1seg4xEbnLPPNS5GBUrjGBeN8c=",
      "license": "MIT",
      "dependencies": {
        "@babel/helper-string-parser": "^7.27.1",
        "@babel/helper-validator-identifier": "^7.28.5"
      },
      "engines": {
        "node": ">=6.9.0"
      }
    },
    "node_modules/@emnapi/core": {
      "version": "1.9.1",
      "resolved": "http://r.npm.sankuai.com/@emnapi/core/download/@emnapi/core-1.9.1.tgz",
      "integrity": "sha1-IUMGnHRMokQgdPgHhGLlHt1jx70=",
      "dev": true,
      "license": "MIT",
      "optional": true,
      "dependencies": {
        "@emnapi/wasi-threads": "1.2.0",
        "tslib": "^2.4.0"
      }
    },
    "node_modules/@emnapi/runtime": {
      "version": "1.9.1",
      "resolved": "http://r.npm.sankuai.com/@emnapi/runtime/download/@emnapi/runtime-1.9.1.tgz",
      "integrity": "sha1-EV/yoNWJhlvmvY6dcB5JnEc/Ko0=",
      "dev": true,
      "license": "MIT",
      "optional": true,
      "dependencies": {
        "tslib": "^2.4.0"
      }
    },
    "node_modules/@emnapi/wasi-threads": {
      "version": "1.2.0",
      "resolved": "http://r.npm.sankuai.com/@emnapi/wasi-threads/download/@emnapi/wasi-threads-1.2.0.tgz",
      "integrity": "sha1-oZ2Xcsw9GVNwv24qgF7sQKp14Y4=",
      "dev": true,
      "license": "MIT",
      "optional": true,
      "dependencies": {
        "tslib": "^2.4.0"
      }
    },
    "node_modules/@jridgewell/sourcemap-codec": {
      "version": "1.5.5",
      "resolved": "http://r.npm.sankuai.com/@jridgewell/sourcemap-codec/download/@jridgewell/sourcemap-codec-1.5.5.tgz",
      "integrity": "sha1-aRKwDSxjHA0Vzhp6tXzWV/Ko+Lo=",
      "license": "MIT"
    },
    "node_modules/@napi-rs/wasm-runtime": {
      "version": "1.1.3",
      "resolved": "http://r.npm.sankuai.com/@napi-rs/wasm-runtime/download/@napi-rs/wasm-runtime-1.1.3.tgz",
      "integrity": "sha1-HuuGmXcEgTBuX82ERx8g/LYXczY=",
      "dev": true,
      "license": "MIT",
      "optional": true,
      "dependencies": {
        "@tybys/wasm-util": "^0.10.1"
      },
      "funding": {
        "type": "github",
        "url": "https://github.com/sponsors/Brooooooklyn"
      },
      "peerDependencies": {
        "@emnapi/core": "^1.7.1",
        "@emnapi/runtime": "^1.7.1"
      }
    },
    "node_modules/@oxc-project/types": {
      "version": "0.123.0",
      "resolved": "http://r.npm.sankuai.com/@oxc-project/types/download/@oxc-project/types-0.123.0.tgz",
      "integrity": "sha1-oLvI8M7BYnDfIDy60pC94+0Cia0=",
      "dev": true,
      "license": "MIT",
      "funding": {
        "url": "https://github.com/sponsors/Boshen"
      }
    },
    "node_modules/@rolldown/binding-android-arm64": {
      "version": "1.0.0-rc.13",
      "resolved": "http://r.npm.sankuai.com/@rolldown/binding-android-arm64/download/@rolldown/binding-android-arm64-1.0.0-rc.13.tgz",
      "integrity": "sha1-CGJ1PKfK14NQJAzWj8eRUGBrQsQ=",
      "cpu": [
        "arm64"
      ],
      "dev": true,
      "license": "MIT",
      "optional": true,
      "os": [
        "android"
      ],
      "engines": {
        "node": "^20.19.0 || >=22.12.0"
      }
    },
    "node_modules/@rolldown/binding-darwin-arm64": {
      "version": "1.0.0-rc.13",
      "resolved": "http://r.npm.sankuai.com/@rolldown/binding-darwin-arm64/download/@rolldown/binding-darwin-arm64-1.0.0-rc.13.tgz",
      "integrity": "sha1-AYeVRFOM39w1/WCG8hVj0poZPsE=",
      "cpu": [
        "arm64"
      ],
      "dev": true,
      "license": "MIT",
      "optional": true,
      "os": [
        "darwin"
      ],
      "engines": {
        "node": "^20.19.0 || >=22.12.0"
      }
    },
    "node_modules/@rolldown/binding-darwin-x64": {
      "version": "1.0.0-rc.13",
      "resolved": "http://r.npm.sankuai.com/@rolldown/binding-darwin-x64/download/@rolldown/binding-darwin-x64-1.0.0-rc.13.tgz",
      "integrity": "sha1-2gxHMjlksX3+eZfk6XcIN5QjRrE=",
      "cpu": [
        "x64"
      ],
      "dev": true,
      "license": "MIT",
      "optional": true,
      "os": [
        "darwin"
      ],
      "engines": {
        "node": "^20.19.0 || >=22.12.0"
      }
    },
    "node_modules/@rolldown/binding-freebsd-x64": {
      "version": "1.0.0-rc.13",
      "resolved": "http://r.npm.sankuai.com/@rolldown/binding-freebsd-x64/download/@rolldown/binding-freebsd-x64-1.0.0-rc.13.tgz",
      "integrity": "sha1-Q2Fhv3U7UOzQAd/A6U/hB5TEw8Y=",
      "cpu": [
        "x64"
      ],
      "dev": true,
      "license": "MIT",
      "optional": true,
      "os": [
        "freebsd"
      ],
      "engines": {
        "node": "^20.19.0 || >=22.12.0"
      }
    },
    "node_modules/@rolldown/binding-linux-arm-gnueabihf": {
      "version": "1.0.0-rc.13",
      "resolved": "http://r.npm.sankuai.com/@rolldown/binding-linux-arm-gnueabihf/download/@rolldown/binding-linux-arm-gnueabihf-1.0.0-rc.13.tgz",
      "integrity": "sha1-mWLyJUEbtr3o79szDDPNPVrnmow=",
      "cpu": [
        "arm"
      ],
      "dev": true,
      "license": "MIT",
      "optional": true,
      "os": [
        "linux"
      ],
      "engines": {
        "node": "^20.19.0 || >=22.12.0"
      }
    },
    "node_modules/@rolldown/binding-linux-arm64-gnu": {
      "version": "1.0.0-rc.13",
      "resolved": "http://r.npm.sankuai.com/@rolldown/binding-linux-arm64-gnu/download/@rolldown/binding-linux-arm64-gnu-1.0.0-rc.13.tgz",
      "integrity": "sha1-LHB/3JiNIlxgcE5+wj6lclhglok=",
      "cpu": [
        "arm64"
      ],
      "dev": true,
      "license": "MIT",
      "optional": true,
      "os": [
        "linux"
      ],
      "engines": {
        "node": "^20.19.0 || >=22.12.0"
      }
    },
    "node_modules/@rolldown/binding-linux-arm64-musl": {
      "version": "1.0.0-rc.13",
      "resolved": "http://r.npm.sankuai.com/@rolldown/binding-linux-arm64-musl/download/@rolldown/binding-linux-arm64-musl-1.0.0-rc.13.tgz",
      "integrity": "sha1-zZbVDtFVbf9UG03ThFA4rQzwZs0=",
      "cpu": [
        "arm64"
      ],
      "dev": true,
      "license": "MIT",
      "optional": true,
      "os": [
        "linux"
      ],
      "engines": {
        "node": "^20.19.0 || >=22.12.0"
      }
    },
    "node_modules/@rolldown/binding-linux-ppc64-gnu": {
      "version": "1.0.0-rc.13",
      "resolved": "http://r.npm.sankuai.com/@rolldown/binding-linux-ppc64-gnu/download/@rolldown/binding-linux-ppc64-gnu-1.0.0-rc.13.tgz",
      "integrity": "sha1-mE3c20A0Xs4tzg5mc1C//iBwDiM=",
      "cpu": [
        "ppc64"
      ],
      "dev": true,
      "license": "MIT",
      "optional": true,
      "os": [
        "linux"
      ],
      "engines": {
        "node": "^20.19.0 || >=22.12.0"
      }
    },
    "node_modules/@rolldown/binding-linux-s390x-gnu": {
      "version": "1.0.0-rc.13",
      "resolved": "http://r.npm.sankuai.com/@rolldown/binding-linux-s390x-gnu/download/@rolldown/binding-linux-s390x-gnu-1.0.0-rc.13.tgz",
      "integrity": "sha1-dsdVcv0+8BzQwtaJQ+AH/Ir22i0=",
      "cpu": [
        "s390x"
      ],
      "dev": true,
      "license": "MIT",
      "optional": true,
      "os": [
        "linux"
      ],
      "engines": {
        "node": "^20.19.0 || >=22.12.0"
      }
    },
    "node_modules/@rolldown/binding-linux-x64-gnu": {
      "version": "1.0.0-rc.13",
      "resolved": "http://r.npm.sankuai.com/@rolldown/binding-linux-x64-gnu/download/@rolldown/binding-linux-x64-gnu-1.0.0-rc.13.tgz",
      "integrity": "sha1-LiRLnFu5gFSl0NjC3yl/+qhsrgc=",
      "cpu": [
        "x64"
      ],
      "dev": true,
      "license": "MIT",
      "optional": true,
      "os": [
        "linux"
      ],
      "engines": {
        "node": "^20.19.0 || >=22.12.0"
      }
    },
    "node_modules/@rolldown/binding-linux-x64-musl": {
      "version": "1.0.0-rc.13",
      "resolved": "http://r.npm.sankuai.com/@rolldown/binding-linux-x64-musl/download/@rolldown/binding-linux-x64-musl-1.0.0-rc.13.tgz",
      "integrity": "sha1-qc2W6wL4MWfjN3LwqNr9P/Z9QoM=",
      "cpu": [
        "x64"
      ],
      "dev": true,
      "license": "MIT",
      "optional": true,
      "os": [
        "linux"
      ],
      "engines": {
        "node": "^20.19.0 || >=22.12.0"
      }
    },
    "node_modules/@rolldown/binding-openharmony-arm64": {
      "version": "1.0.0-rc.13",
      "resolved": "http://r.npm.sankuai.com/@rolldown/binding-openharmony-arm64/download/@rolldown/binding-openharmony-arm64-1.0.0-rc.13.tgz",
      "integrity": "sha1-VKRx1WIMLXqEq5iaMKl2shM8VlA=",
      "cpu": [
        "arm64"
      ],
      "dev": true,
      "license": "MIT",
      "optional": true,
      "os": [
        "openharmony"
      ],
      "engines": {
        "node": "^20.19.0 || >=22.12.0"
      }
    },
    "node_modules/@rolldown/binding-wasm32-wasi": {
      "version": "1.0.0-rc.13",
      "resolved": "http://r.npm.sankuai.com/@rolldown/binding-wasm32-wasi/download/@rolldown/binding-wasm32-wasi-1.0.0-rc.13.tgz",
      "integrity": "sha1-c5bH9ZBGB+B0/nVZqVvqZWtcQuc=",
      "cpu": [
        "wasm32"
      ],
      "dev": true,
      "license": "MIT",
      "optional": true,
      "dependencies": {
        "@emnapi/core": "1.9.1",
        "@emnapi/runtime": "1.9.1",
        "@napi-rs/wasm-runtime": "^1.1.2"
      },
      "engines": {
        "node": ">=14.0.0"
      }
    },
    "node_modules/@rolldown/binding-win32-arm64-msvc": {
      "version": "1.0.0-rc.13",
      "resolved": "http://r.npm.sankuai.com/@rolldown/binding-win32-arm64-msvc/download/@rolldown/binding-win32-arm64-msvc-1.0.0-rc.13.tgz",
      "integrity": "sha1-fUKH9mw0zwUPQ1iklBwUbE15jiQ=",
      "cpu": [
        "arm64"
      ],
      "dev": true,
      "license": "MIT",
      "optional": true,
      "os": [
        "win32"
      ],
      "engines": {
        "node": "^20.19.0 || >=22.12.0"
      }
    },
    "node_modules/@rolldown/binding-win32-x64-msvc": {
      "version": "1.0.0-rc.13",
      "resolved": "http://r.npm.sankuai.com/@rolldown/binding-win32-x64-msvc/download/@rolldown/binding-win32-x64-msvc-1.0.0-rc.13.tgz",
      "integrity": "sha1-5eDQDkSU59xRUnugZEq1qQSeaSU=",
      "cpu": [
        "x64"
      ],
      "dev": true,
      "license": "MIT",
      "optional": true,
      "os": [
        "win32"
      ],
      "engines": {
        "node": "^20.19.0 || >=22.12.0"
      }
    },
    "node_modules/@rolldown/pluginutils": {
      "version": "1.0.0-rc.2",
      "resolved": "http://r.npm.sankuai.com/@rolldown/pluginutils/download/@rolldown/pluginutils-1.0.0-rc.2.tgz",
      "integrity": "sha1-EDJOdMszlst7YWBC6n6eaqfY1Fg=",
      "dev": true,
      "license": "MIT"
    },
    "node_modules/@tybys/wasm-util": {
      "version": "0.10.1",
      "resolved": "http://r.npm.sankuai.com/@tybys/wasm-util/download/@tybys/wasm-util-0.10.1.tgz",
      "integrity": "sha1-7N3TIFzx4tUnRkn/Du3SmR7X9BQ=",
      "dev": true,
      "license": "MIT",
      "optional": true,
      "dependencies": {
        "tslib": "^2.4.0"
      }
    },
    "node_modules/@vitejs/plugin-vue": {
      "version": "6.0.5",
      "resolved": "http://r.npm.sankuai.com/@vitejs/plugin-vue/download/@vitejs/plugin-vue-6.0.5.tgz",
      "integrity": "sha1-IOu0bE2gaXU9nPsTCcQzQhPMP3s=",
      "dev": true,
      "license": "MIT",
      "dependencies": {
        "@rolldown/pluginutils": "1.0.0-rc.2"
      },
      "engines": {
        "node": "^20.19.0 || >=22.12.0"
      },
      "peerDependencies": {
        "vite": "^5.0.0 || ^6.0.0 || ^7.0.0 || ^8.0.0",
        "vue": "^3.2.25"
      }
    },
    "node_modules/@vue/compiler-core": {
      "version": "3.5.32",
      "resolved": "http://r.npm.sankuai.com/@vue/compiler-core/download/@vue/compiler-core-3.5.32.tgz",
      "integrity": "sha1-URXKCZsE/t2PYj+TtSLZFMN2y+s=",
      "license": "MIT",
      "dependencies": {
        "@babel/parser": "^7.29.2",
        "@vue/shared": "3.5.32",
        "entities": "^7.0.1",
        "estree-walker": "^2.0.2",
        "source-map-js": "^1.2.1"
      }
    },
    "node_modules/@vue/compiler-dom": {
      "version": "3.5.32",
      "resolved": "http://r.npm.sankuai.com/@vue/compiler-dom/download/@vue/compiler-dom-3.5.32.tgz",
      "integrity": "sha1-YGnq4vDRo4Jj6URfPB2hoG5fZTQ=",
      "license": "MIT",
      "dependencies": {
        "@vue/compiler-core": "3.5.32",
        "@vue/shared": "3.5.32"
      }
    },
    "node_modules/@vue/compiler-sfc": {
      "version": "3.5.32",
      "resolved": "http://r.npm.sankuai.com/@vue/compiler-sfc/download/@vue/compiler-sfc-3.5.32.tgz",
      "integrity": "sha1-H0vvbU+/wMuCeKCNCMBaOv3b0sg=",
      "license": "MIT",
      "dependencies": {
        "@babel/parser": "^7.29.2",
        "@vue/compiler-core": "3.5.32",
        "@vue/compiler-dom": "3.5.32",
        "@vue/compiler-ssr": "3.5.32",
        "@vue/shared": "3.5.32",
        "estree-walker": "^2.0.2",
        "magic-string": "^0.30.21",
        "postcss": "^8.5.8",
        "source-map-js": "^1.2.1"
      }
    },
    "node_modules/@vue/compiler-ssr": {
      "version": "3.5.32",
      "resolved": "http://r.npm.sankuai.com/@vue/compiler-ssr/download/@vue/compiler-ssr-3.5.32.tgz",
      "integrity": "sha1-VjKgk0y1jPiNz/FATs8GtaFvaBY=",
      "license": "MIT",
      "dependencies": {
        "@vue/compiler-dom": "3.5.32",
        "@vue/shared": "3.5.32"
      }
    },
    "node_modules/@vue/devtools-api": {
      "version": "6.6.4",
      "resolved": "http://r.npm.sankuai.com/@vue/devtools-api/download/@vue/devtools-api-6.6.4.tgz",
      "integrity": "sha1-y+l/4BYrNl7cHbqA4XP5BJJTU0M=",
      "license": "MIT"
    },
    "node_modules/@vue/reactivity": {
      "version": "3.5.32",
      "resolved": "http://r.npm.sankuai.com/@vue/reactivity/download/@vue/reactivity-3.5.32.tgz",
      "integrity": "sha1-pMuXMJXq3hrm2JmuYLqQGdK9IfU=",
      "license": "MIT",
      "dependencies": {
        "@vue/shared": "3.5.32"
      }
    },
    "node_modules/@vue/runtime-core": {
      "version": "3.5.32",
      "resolved": "http://r.npm.sankuai.com/@vue/runtime-core/download/@vue/runtime-core-3.5.32.tgz",
      "integrity": "sha1-eri8gyEIhqpNtp5dcvMRiGKP6dQ=",
      "license": "MIT",
      "dependencies": {
        "@vue/reactivity": "3.5.32",
        "@vue/shared": "3.5.32"
      }
    },
    "node_modules/@vue/runtime-dom": {
      "version": "3.5.32",
      "resolved": "http://r.npm.sankuai.com/@vue/runtime-dom/download/@vue/runtime-dom-3.5.32.tgz",
      "integrity": "sha1-/ngVsl5V3zTGroKg0GvnnRNC188=",
      "license": "MIT",
      "dependencies": {
        "@vue/reactivity": "3.5.32",
        "@vue/runtime-core": "3.5.32",
        "@vue/shared": "3.5.32",
        "csstype": "^3.2.3"
      }
    },
    "node_modules/@vue/server-renderer": {
      "version": "3.5.32",
      "resolved": "http://r.npm.sankuai.com/@vue/server-renderer/download/@vue/server-renderer-3.5.32.tgz",
      "integrity": "sha1-dFefZdJx4he97w32JHSzyKjbpVs=",
      "license": "MIT",
      "dependencies": {
        "@vue/compiler-ssr": "3.5.32",
        "@vue/shared": "3.5.32"
      },
      "peerDependencies": {
        "vue": "3.5.32"
      }
    },
    "node_modules/@vue/shared": {
      "version": "3.5.32",
      "resolved": "http://r.npm.sankuai.com/@vue/shared/download/@vue/shared-3.5.32.tgz",
      "integrity": "sha1-3Yug1wm/P3WMMkqByIl7rV4VQM8=",
      "license": "MIT"
    },
    "node_modules/csstype": {
      "version": "3.2.3",
      "resolved": "http://r.npm.sankuai.com/csstype/download/csstype-3.2.3.tgz",
      "integrity": "sha1-7EjA8+mT5QZIyG2lWeJhCZXPmJo=",
      "license": "MIT"
    },
    "node_modules/detect-libc": {
      "version": "2.1.2",
      "resolved": "http://r.npm.sankuai.com/detect-libc/download/detect-libc-2.1.2.tgz",
      "integrity": "sha1-aJxdzcGQDvVYOky59te0c3QgdK0=",
      "dev": true,
      "license": "Apache-2.0",
      "engines": {
        "node": ">=8"
      }
    },
    "node_modules/entities": {
      "version": "7.0.1",
      "resolved": "http://r.npm.sankuai.com/entities/download/entities-7.0.1.tgz",
      "integrity": "sha1-JuioiInbY0F9y5oeeaPxvJK1l2s=",
      "license": "BSD-2-Clause",
      "engines": {
        "node": ">=0.12"
      },
      "funding": {
        "url": "https://github.com/fb55/entities?sponsor=1"
      }
    },
    "node_modules/estree-walker": {
      "version": "2.0.2",
      "resolved": "http://r.npm.sankuai.com/estree-walker/download/estree-walker-2.0.2.tgz",
      "integrity": "sha1-UvAQF4wqTBF6d1fP6UKtt9LaTKw=",
      "license": "MIT"
    },
    "node_modules/fdir": {
      "version": "6.5.0",
      "resolved": "http://r.npm.sankuai.com/fdir/download/fdir-6.5.0.tgz",
      "integrity": "sha1-7Sq5Z6MxreYvGNB32uGSaE1Q01A=",
      "dev": true,
      "license": "MIT",
      "engines": {
        "node": ">=12.0.0"
      },
      "peerDependencies": {
        "picomatch": "^3 || ^4"
      },
      "peerDependenciesMeta": {
        "picomatch": {
          "optional": true
        }
      }
    },
    "node_modules/fsevents": {
      "version": "2.3.3",
      "resolved": "http://r.npm.sankuai.com/fsevents/download/fsevents-2.3.3.tgz",
      "integrity": "sha1-ysZAd4XQNnWipeGlMFxpezR9kNY=",
      "dev": true,
      "hasInstallScript": true,
      "license": "MIT",
      "optional": true,
      "os": [
        "darwin"
      ],
      "engines": {
        "node": "^8.16.0 || ^10.6.0 || >=11.0.0"
      }
    },
    "node_modules/lightningcss": {
      "version": "1.32.0",
      "resolved": "http://r.npm.sankuai.com/lightningcss/download/lightningcss-1.32.0.tgz",
      "integrity": "sha1-uFqulkhtyxv0mnyFcSISc/Tx5Kk=",
      "dev": true,
      "license": "MPL-2.0",
      "dependencies": {
        "detect-libc": "^2.0.3"
      },
      "engines": {
        "node": ">= 12.0.0"
      },
      "funding": {
        "type": "opencollective",
        "url": "https://opencollective.com/parcel"
      },
      "optionalDependencies": {
        "lightningcss-android-arm64": "1.32.0",
        "lightningcss-darwin-arm64": "1.32.0",
        "lightningcss-darwin-x64": "1.32.0",
        "lightningcss-freebsd-x64": "1.32.0",
        "lightningcss-linux-arm-gnueabihf": "1.32.0",
        "lightningcss-linux-arm64-gnu": "1.32.0",
        "lightningcss-linux-arm64-musl": "1.32.0",
        "lightningcss-linux-x64-gnu": "1.32.0",
        "lightningcss-linux-x64-musl": "1.32.0",
        "lightningcss-win32-arm64-msvc": "1.32.0",
        "lightningcss-win32-x64-msvc": "1.32.0"
      }
    },
    "node_modules/lightningcss-android-arm64": {
      "version": "1.32.0",
      "resolved": "http://r.npm.sankuai.com/lightningcss-android-arm64/download/lightningcss-android-arm64-1.32.0.tgz",
      "integrity": "sha1-8DOIURbf79nG9UeHUj41FLYeGWg=",
      "cpu": [
        "arm64"
      ],
      "dev": true,
      "license": "MPL-2.0",
      "optional": true,
      "os": [
        "android"
      ],
      "engines": {
        "node": ">= 12.0.0"
      },
      "funding": {
        "type": "opencollective",
        "url": "https://opencollective.com/parcel"
      }
    },
    "node_modules/lightningcss-darwin-arm64": {
      "version": "1.32.0",
      "resolved": "http://r.npm.sankuai.com/lightningcss-darwin-arm64/download/lightningcss-darwin-arm64-1.32.0.tgz",
      "integrity": "sha1-ULcYcbAcgZlYS2SeKSVH+up6+bU=",
      "cpu": [
        "arm64"
      ],
      "dev": true,
      "license": "MPL-2.0",
      "optional": true,
      "os": [
        "darwin"
      ],
      "engines": {
        "node": ">= 12.0.0"
      },
      "funding": {
        "type": "opencollective",
        "url": "https://opencollective.com/parcel"
      }
    },
    "node_modules/lightningcss-darwin-x64": {
      "version": "1.32.0",
      "resolved": "http://r.npm.sankuai.com/lightningcss-darwin-x64/download/lightningcss-darwin-x64-1.32.0.tgz",
      "integrity": "sha1-NfPpczLRMLnKGB4RtWje1q68bV4=",
      "cpu": [
        "x64"
      ],
      "dev": true,
      "license": "MPL-2.0",
      "optional": true,
      "os": [
        "darwin"
      ],
      "engines": {
        "node": ">= 12.0.0"
      },
      "funding": {
        "type": "opencollective",
        "url": "https://opencollective.com/parcel"
      }
    },
    "node_modules/lightningcss-freebsd-x64": {
      "version": "1.32.0",
      "resolved": "http://r.npm.sankuai.com/lightningcss-freebsd-x64/download/lightningcss-freebsd-x64-1.32.0.tgz",
      "integrity": "sha1-l3enZHK2Ttb/lDQq1kx7r9eUpXU=",
      "cpu": [
        "x64"
      ],
      "dev": true,
      "license": "MPL-2.0",
      "optional": true,
      "os": [
        "freebsd"
      ],
      "engines": {
        "node": ">= 12.0.0"
      },
      "funding": {
        "type": "opencollective",
        "url": "https://opencollective.com/parcel"
      }
    },
    "node_modules/lightningcss-linux-arm-gnueabihf": {
      "version": "1.32.0",
      "resolved": "http://r.npm.sankuai.com/lightningcss-linux-arm-gnueabihf/download/lightningcss-linux-arm-gnueabihf-1.32.0.tgz",
      "integrity": "sha1-E65lLhq3O5E117faFy9mbEEK1T0=",
      "cpu": [
        "arm"
      ],
      "dev": true,
      "license": "MPL-2.0",
      "optional": true,
      "os": [
        "linux"
      ],
      "engines": {
        "node": ">= 12.0.0"
      },
      "funding": {
        "type": "opencollective",
        "url": "https://opencollective.com/parcel"
      }
    },
    "node_modules/lightningcss-linux-arm64-gnu": {
      "version": "1.32.0",
      "resolved": "http://r.npm.sankuai.com/lightningcss-linux-arm64-gnu/download/lightningcss-linux-arm64-gnu-1.32.0.tgz",
      "integrity": "sha1-QXhYeVqUWS9oASOhsfnaig4e8zU=",
      "cpu": [
        "arm64"
      ],
      "dev": true,
      "license": "MPL-2.0",
      "optional": true,
      "os": [
        "linux"
      ],
      "engines": {
        "node": ">= 12.0.0"
      },
      "funding": {
        "type": "opencollective",
        "url": "https://opencollective.com/parcel"
      }
    },
    "node_modules/lightningcss-linux-arm64-musl": {
      "version": "1.32.0",
      "resolved": "http://r.npm.sankuai.com/lightningcss-linux-arm64-musl/download/lightningcss-linux-arm64-musl-1.32.0.tgz",
      "integrity": "sha1-a+NmkugQtxgECAL9gJYjz/5zITM=",
      "cpu": [
        "arm64"
      ],
      "dev": true,
      "license": "MPL-2.0",
      "optional": true,
      "os": [
        "linux"
      ],
      "engines": {
        "node": ">= 12.0.0"
      },
      "funding": {
        "type": "opencollective",
        "url": "https://opencollective.com/parcel"
      }
    },
    "node_modules/lightningcss-linux-x64-gnu": {
      "version": "1.32.0",
      "resolved": "http://r.npm.sankuai.com/lightningcss-linux-x64-gnu/download/lightningcss-linux-x64-gnu-1.32.0.tgz",
      "integrity": "sha1-C3gDr06yHP043Tn+Kru1PH3QkfY=",
      "cpu": [
        "x64"
      ],
      "dev": true,
      "license": "MPL-2.0",
      "optional": true,
      "os": [
        "linux"
      ],
      "engines": {
        "node": ">= 12.0.0"
      },
      "funding": {
        "type": "opencollective",
        "url": "https://opencollective.com/parcel"
      }
    },
    "node_modules/lightningcss-linux-x64-musl": {
      "version": "1.32.0",
      "resolved": "http://r.npm.sankuai.com/lightningcss-linux-x64-musl/download/lightningcss-linux-x64-musl-1.32.0.tgz",
      "integrity": "sha1-iNyLqGXd3bGsXvBLDxYYBEGMFjs=",
      "cpu": [
        "x64"
      ],
      "dev": true,
      "license": "MPL-2.0",
      "optional": true,
      "os": [
        "linux"
      ],
      "engines": {
        "node": ">= 12.0.0"
      },
      "funding": {
        "type": "opencollective",
        "url": "https://opencollective.com/parcel"
      }
    },
    "node_modules/lightningcss-win32-arm64-msvc": {
      "version": "1.32.0",
      "resolved": "http://r.npm.sankuai.com/lightningcss-win32-arm64-msvc/download/lightningcss-win32-arm64-msvc-1.32.0.tgz",
      "integrity": "sha1-TzC6P6XpJfW3n5RejMDRdsOxqzg=",
      "cpu": [
        "arm64"
      ],
      "dev": true,
      "license": "MPL-2.0",
      "optional": true,
      "os": [
        "win32"
      ],
      "engines": {
        "node": ">= 12.0.0"
      },
      "funding": {
        "type": "opencollective",
        "url": "https://opencollective.com/parcel"
      }
    },
    "node_modules/lightningcss-win32-x64-msvc": {
      "version": "1.32.0",
      "resolved": "http://r.npm.sankuai.com/lightningcss-win32-x64-msvc/download/lightningcss-win32-x64-msvc-1.32.0.tgz",
      "integrity": "sha1-FBqlYFZFBkkokCu0rwRfp9n0Igo=",
      "cpu": [
        "x64"
      ],
      "dev": true,
      "license": "MPL-2.0",
      "optional": true,
      "os": [
        "win32"
      ],
      "engines": {
        "node": ">= 12.0.0"
      },
      "funding": {
        "type": "opencollective",
        "url": "https://opencollective.com/parcel"
      }
    },
    "node_modules/magic-string": {
      "version": "0.30.21",
      "resolved": "http://r.npm.sankuai.com/magic-string/download/magic-string-0.30.21.tgz",
      "integrity": "sha1-VnY+wJoPqAkd8nh5/ZTRkHjADZE=",
      "license": "MIT",
      "dependencies": {
        "@jridgewell/sourcemap-codec": "^1.5.5"
      }
    },
    "node_modules/marked": {
      "version": "18.0.0",
      "resolved": "http://r.npm.sankuai.com/marked/download/marked-18.0.0.tgz",
      "integrity": "sha1-MMW3Yp6yJTuPbYPZSzduY0eQdsw=",
      "license": "MIT",
      "bin": {
        "marked": "bin/marked.js"
      },
      "engines": {
        "node": ">= 20"
      }
    },
    "node_modules/nanoid": {
      "version": "3.3.11",
      "resolved": "http://r.npm.sankuai.com/nanoid/download/nanoid-3.3.11.tgz",
      "integrity": "sha1-T08RLO++MDIC8hmYOBKJNiZtGFs=",
      "funding": [
        {
          "type": "github",
          "url": "https://github.com/sponsors/ai"
        }
      ],
      "license": "MIT",
      "bin": {
        "nanoid": "bin/nanoid.cjs"
      },
      "engines": {
        "node": "^10 || ^12 || ^13.7 || ^14 || >=15.0.1"
      }
    },
    "node_modules/picocolors": {
      "version": "1.1.1",
      "resolved": "http://r.npm.sankuai.com/picocolors/download/picocolors-1.1.1.tgz",
      "integrity": "sha1-PTIa8+q5ObCDyPkpodEs2oHCa2s=",
      "license": "ISC"
    },
    "node_modules/picomatch": {
      "version": "4.0.4",
      "resolved": "http://r.npm.sankuai.com/picomatch/download/picomatch-4.0.4.tgz",
      "integrity": "sha1-/W9eAKFDCG4HTf/kySS4+yk7BYk=",
      "dev": true,
      "license": "MIT",
      "engines": {
        "node": ">=12"
      },
      "funding": {
        "url": "https://github.com/sponsors/jonschlinkert"
      }
    },
    "node_modules/postcss": {
      "version": "8.5.9",
      "resolved": "http://r.npm.sankuai.com/postcss/download/postcss-8.5.9.tgz",
      "integrity": "sha1-9u6eC5Tw8ZyX0vFyv71/xx/hzKQ=",
      "funding": [
        {
          "type": "opencollective",
          "url": "https://opencollective.com/postcss/"
        },
        {
          "type": "tidelift",
          "url": "https://tidelift.com/funding/github/npm/postcss"
        },
        {
          "type": "github",
          "url": "https://github.com/sponsors/ai"
        }
      ],
      "license": "MIT",
      "dependencies": {
        "nanoid": "^3.3.11",
        "picocolors": "^1.1.1",
        "source-map-js": "^1.2.1"
      },
      "engines": {
        "node": "^10 || ^12 || >=14"
      }
    },
    "node_modules/rolldown": {
      "version": "1.0.0-rc.13",
      "resolved": "http://r.npm.sankuai.com/rolldown/download/rolldown-1.0.0-rc.13.tgz",
      "integrity": "sha1-lnC93MCPEPKAnxybWLEB6ROfFVw=",
      "dev": true,
      "license": "MIT",
      "dependencies": {
        "@oxc-project/types": "=0.123.0",
        "@rolldown/pluginutils": "1.0.0-rc.13"
      },
      "bin": {
        "rolldown": "bin/cli.mjs"
      },
      "engines": {
        "node": "^20.19.0 || >=22.12.0"
      },
      "optionalDependencies": {
        "@rolldown/binding-android-arm64": "1.0.0-rc.13",
        "@rolldown/binding-darwin-arm64": "1.0.0-rc.13",
        "@rolldown/binding-darwin-x64": "1.0.0-rc.13",
        "@rolldown/binding-freebsd-x64": "1.0.0-rc.13",
        "@rolldown/binding-linux-arm-gnueabihf": "1.0.0-rc.13",
        "@rolldown/binding-linux-arm64-gnu": "1.0.0-rc.13",
        "@rolldown/binding-linux-arm64-musl": "1.0.0-rc.13",
        "@rolldown/binding-linux-ppc64-gnu": "1.0.0-rc.13",
        "@rolldown/binding-linux-s390x-gnu": "1.0.0-rc.13",
        "@rolldown/binding-linux-x64-gnu": "1.0.0-rc.13",
        "@rolldown/binding-linux-x64-musl": "1.0.0-rc.13",
        "@rolldown/binding-openharmony-arm64": "1.0.0-rc.13",
        "@rolldown/binding-wasm32-wasi": "1.0.0-rc.13",
        "@rolldown/binding-win32-arm64-msvc": "1.0.0-rc.13",
        "@rolldown/binding-win32-x64-msvc": "1.0.0-rc.13"
      }
    },
    "node_modules/rolldown/node_modules/@rolldown/pluginutils": {
      "version": "1.0.0-rc.13",
      "resolved": "http://r.npm.sankuai.com/@rolldown/pluginutils/download/@rolldown/pluginutils-1.0.0-rc.13.tgz",
      "integrity": "sha1-CToBrwzeE1UvBYVE/K3xLptSLDs=",
      "dev": true,
      "license": "MIT"
    },
    "node_modules/source-map-js": {
      "version": "1.2.1",
      "resolved": "http://r.npm.sankuai.com/source-map-js/download/source-map-js-1.2.1.tgz",
      "integrity": "sha1-HOVlD93YerwJnto33P8CTCZnrkY=",
      "license": "BSD-3-Clause",
      "engines": {
        "node": ">=0.10.0"
      }
    },
    "node_modules/tinyglobby": {
      "version": "0.2.15",
      "resolved": "http://r.npm.sankuai.com/tinyglobby/download/tinyglobby-0.2.15.tgz",
      "integrity": "sha1-4ijdHmOM6pk9L9tPzS1GAqeZUcI=",
      "dev": true,
      "license": "MIT",
      "dependencies": {
        "fdir": "^6.5.0",
        "picomatch": "^4.0.3"
      },
      "engines": {
        "node": ">=12.0.0"
      },
      "funding": {
        "url": "https://github.com/sponsors/SuperchupuDev"
      }
    },
    "node_modules/tslib": {
      "version": "2.8.1",
      "resolved": "http://r.npm.sankuai.com/tslib/download/tslib-2.8.1.tgz",
      "integrity": "sha1-YS7+TtI11Wfoq6Xypfq3AoCt6D8=",
      "dev": true,
      "license": "0BSD",
      "optional": true
    },
    "node_modules/vite": {
      "version": "8.0.7",
      "resolved": "http://r.npm.sankuai.com/vite/download/vite-8.0.7.tgz",
      "integrity": "sha1-4wKIdwIuBLz7ZxgHOPJWEIJWqhM=",
      "dev": true,
      "license": "MIT",
      "dependencies": {
        "lightningcss": "^1.32.0",
        "picomatch": "^4.0.4",
        "postcss": "^8.5.8",
        "rolldown": "1.0.0-rc.13",
        "tinyglobby": "^0.2.15"
      },
      "bin": {
        "vite": "bin/vite.js"
      },
      "engines": {
        "node": "^20.19.0 || >=22.12.0"
      },
      "funding": {
        "url": "https://github.com/vitejs/vite?sponsor=1"
      },
      "optionalDependencies": {
        "fsevents": "~2.3.3"
      },
      "peerDependencies": {
        "@types/node": "^20.19.0 || >=22.12.0",
        "@vitejs/devtools": "^0.1.0",
        "esbuild": "^0.27.0 || ^0.28.0",
        "jiti": ">=1.21.0",
        "less": "^4.0.0",
        "sass": "^1.70.0",
        "sass-embedded": "^1.70.0",
        "stylus": ">=0.54.8",
        "sugarss": "^5.0.0",
        "terser": "^5.16.0",
        "tsx": "^4.8.1",
        "yaml": "^2.4.2"
      },
      "peerDependenciesMeta": {
        "@types/node": {
          "optional": true
        },
        "@vitejs/devtools": {
          "optional": true
        },
        "esbuild": {
          "optional": true
        },
        "jiti": {
          "optional": true
        },
        "less": {
          "optional": true
        },
        "sass": {
          "optional": true
        },
        "sass-embedded": {
          "optional": true
        },
        "stylus": {
          "optional": true
        },
        "sugarss": {
          "optional": true
        },
        "terser": {
          "optional": true
        },
        "tsx": {
          "optional": true
        },
        "yaml": {
          "optional": true
        }
      }
    },
    "node_modules/vue": {
      "version": "3.5.32",
      "resolved": "http://r.npm.sankuai.com/vue/download/vue-3.5.32.tgz",
      "integrity": "sha1-mny+sYGqSypxw+usSZVULPA1PeM=",
      "license": "MIT",
      "dependencies": {
        "@vue/compiler-dom": "3.5.32",
        "@vue/compiler-sfc": "3.5.32",
        "@vue/runtime-dom": "3.5.32",
        "@vue/server-renderer": "3.5.32",
        "@vue/shared": "3.5.32"
      },
      "peerDependencies": {
        "typescript": "*"
      },
      "peerDependenciesMeta": {
        "typescript": {
          "optional": true
        }
      }
    },
    "node_modules/vue-router": {
      "version": "4.6.4",
      "resolved": "http://r.npm.sankuai.com/vue-router/download/vue-router-4.6.4.tgz",
      "integrity": "sha1-oKnLnvgRoQbSSeS7kxPShnGAINg=",
      "license": "MIT",
      "dependencies": {
        "@vue/devtools-api": "^6.6.4"
      },
      "funding": {
        "url": "https://github.com/sponsors/posva"
      },
      "peerDependencies": {
        "vue": "^3.5.0"
      }
    }
  }
}
